{
  "name": "new-port-cli",
  "version": "1.0.0",
  "lockfileVersion": 3,
  "requires": true,
  "packages": {
    "": {
      "name": "new-port-cli",
      "version": "1.0.0",
      "license": "MIT",
      "dependencies": {
        "new-port": "^1.0.0"
      },
      "bin": {
        "new-port": "bin/port.js",
        "newport": "bin/port.js",
        "port": "bin/port.js"
      }
    },
    "node_modules/new-port": {
      "version": "1.0.0",
      "resolved": "https://registry.npmjs.org/new-port/-/new-port-1.0.0.tgz",
      "integrity": "sha512-2rEL1cZj78LekYSfYHDGP7lIhrCauYbPy92QvEyfJcNzrXIuDjEMWlpxrgGic2BNM7S+viHn8ajuYx0b9UlJJQ=="
    }
  }
}
